// !$*UTF8*$!
{
	archiveVersion = 1;
	classes = {
	};
	objectVersion = 46;
	objects = {

/* Begin PBXBuildFile section */
		81021C441DF66E590065C859 /* BmmMembers.swift in Sources */ = {isa = PBXBuildFile; fileRef = 81021C431DF66E590065C859 /* BmmMembers.swift */; };
		811DC79F1E090088006B64A4 /* BmmCalendarViewController.swift in Sources */ = {isa = PBXBuildFile; fileRef = 811DC79E1E090088006B64A4 /* BmmCalendarViewController.swift */; };
		811DC7A11E092A4D006B64A4 /* BmmPickerCell.swift in Sources */ = {isa = PBXBuildFile; fileRef = 811DC7A01E092A4D006B64A4 /* BmmPickerCell.swift */; };
		811DC7A31E092A9F006B64A4 /* BmmPickerViewModel.swift in Sources */ = {isa = PBXBuildFile; fileRef = 811DC7A21E092A9F006B64A4 /* BmmPickerViewModel.swift */; };
		813F22FF1DF80AB700AF24A8 /* Tmpmembers.plist in Resources */ = {isa = PBXBuildFile; fileRef = 813F22FE1DF80AB700AF24A8 /* Tmpmembers.plist */; };
		813F23011DF81B1600AF24A8 /* ParsingViewModel.swift in Sources */ = {isa = PBXBuildFile; fileRef = 813F23001DF81B1600AF24A8 /* ParsingViewModel.swift */; };
		813F79161DF6FB6E00F37A03 /* BmmBaseViewModel.swift in Sources */ = {isa = PBXBuildFile; fileRef = 813F79151DF6FB6E00F37A03 /* BmmBaseViewModel.swift */; };
		813F79181DF6FE2F00F37A03 /* BmmNinameViewModel.swift in Sources */ = {isa = PBXBuildFile; fileRef = 813F79171DF6FE2F00F37A03 /* BmmNinameViewModel.swift */; };
		813F791A1DF7068800F37A03 /* BmmCalendarViewModel.swift in Sources */ = {isa = PBXBuildFile; fileRef = 813F79191DF7068800F37A03 /* BmmCalendarViewModel.swift */; };
		813F791C1DF7071700F37A03 /* BmmAlertViewModel.swift in Sources */ = {isa = PBXBuildFile; fileRef = 813F791B1DF7071700F37A03 /* BmmAlertViewModel.swift */; };
		813F791E1DF707A200F37A03 /* BmmAlarmViewModel.swift in Sources */ = {isa = PBXBuildFile; fileRef = 813F791D1DF707A200F37A03 /* BmmAlarmViewModel.swift */; };
		813F79201DF7083F00F37A03 /* BmmRemarkViewModel.swift in Sources */ = {isa = PBXBuildFile; fileRef = 813F791F1DF7083F00F37A03 /* BmmRemarkViewModel.swift */; };
		81536D011DF1C1100026BC65 /* BmmNinameCell.swift in Sources */ = {isa = PBXBuildFile; fileRef = 81536D001DF1C1100026BC65 /* BmmNinameCell.swift */; };
		81536D031DF1C1460026BC65 /* BmmCalendarCell.swift in Sources */ = {isa = PBXBuildFile; fileRef = 81536D021DF1C1460026BC65 /* BmmCalendarCell.swift */; };
		81536D051DF1C17D0026BC65 /* BmmAlarmCell.swift in Sources */ = {isa = PBXBuildFile; fileRef = 81536D041DF1C17D0026BC65 /* BmmAlarmCell.swift */; };
		81536D071DF1C1E90026BC65 /* BmmRemarkCell.swift in Sources */ = {isa = PBXBuildFile; fileRef = 81536D061DF1C1E90026BC65 /* BmmRemarkCell.swift */; };
		8160ED241DE591BE0030CC82 /* AppDelegate.swift in Sources */ = {isa = PBXBuildFile; fileRef = 8160ED231DE591BE0030CC82 /* AppDelegate.swift */; };
		8160ED291DE591BE0030CC82 /* Main.storyboard in Resources */ = {isa = PBXBuildFile; fileRef = 8160ED271DE591BE0030CC82 /* Main.storyboard */; };
		8160ED2B1DE591BE0030CC82 /* Assets.xcassets in Resources */ = {isa = PBXBuildFile; fileRef = 8160ED2A1DE591BE0030CC82 /* Assets.xcassets */; };
		8160ED2E1DE591BE0030CC82 /* LaunchScreen.storyboard in Resources */ = {isa = PBXBuildFile; fileRef = 8160ED2C1DE591BE0030CC82 /* LaunchScreen.storyboard */; };
		8160ED361DE59C2C0030CC82 /* BmmMainTableViewController.swift in Sources */ = {isa = PBXBuildFile; fileRef = 8160ED351DE59C2C0030CC82 /* BmmMainTableViewController.swift */; };
		817AFAEF1DF5568500BA98DF /* BmmBaseCell.swift in Sources */ = {isa = PBXBuildFile; fileRef = 817AFAEE1DF5568500BA98DF /* BmmBaseCell.swift */; };
		817AFAF71DF5738300BA98DF /* BmmAlertCell.swift in Sources */ = {isa = PBXBuildFile; fileRef = 817AFAF61DF5738300BA98DF /* BmmAlertCell.swift */; };
		817AFAF91DF579FB00BA98DF /* CGFloat_cellStatus.swift in Sources */ = {isa = PBXBuildFile; fileRef = 817AFAF81DF579FB00BA98DF /* CGFloat_cellStatus.swift */; };
		818D3D771E0A536200F013C9 /* presentationAnimator.swift in Sources */ = {isa = PBXBuildFile; fileRef = 818D3D761E0A536200F013C9 /* presentationAnimator.swift */; };
		818D3D7A1E0A577E00F013C9 /* presentationController.swift in Sources */ = {isa = PBXBuildFile; fileRef = 818D3D791E0A577E00F013C9 /* presentationController.swift */; };
		81CD824E1DE7F53D0017A3C6 /* UIView_Bmm.swift in Sources */ = {isa = PBXBuildFile; fileRef = 81CD824D1DE7F53D0017A3C6 /* UIView_Bmm.swift */; };
		81CD82501DE7FC570017A3C6 /* UIimage_Bmm.swift in Sources */ = {isa = PBXBuildFile; fileRef = 81CD824F1DE7FC570017A3C6 /* UIimage_Bmm.swift */; };
		81CD82521DE806BA0017A3C6 /* UIColor_Bmm.swift in Sources */ = {isa = PBXBuildFile; fileRef = 81CD82511DE806BA0017A3C6 /* UIColor_Bmm.swift */; };
		81EBA0981DED7198003FBF21 /* BmmHeaderView.swift in Sources */ = {isa = PBXBuildFile; fileRef = 81EBA0971DED7198003FBF21 /* BmmHeaderView.swift */; };
		81EBA09A1DED8432003FBF21 /* BmmDetailTableViewController.swift in Sources */ = {isa = PBXBuildFile; fileRef = 81EBA0991DED8432003FBF21 /* BmmDetailTableViewController.swift */; };
		81F2B7571DE68E05003E0D4C /* BmmTableViewCell.swift in Sources */ = {isa = PBXBuildFile; fileRef = 81F2B7561DE68E05003E0D4C /* BmmTableViewCell.swift */; };
		81F2B7591DE68FCD003E0D4C /* BmmRotatedView.swift in Sources */ = {isa = PBXBuildFile; fileRef = 81F2B7581DE68FCD003E0D4C /* BmmRotatedView.swift */; };
		81F2B75B1DE6DB46003E0D4C /* memoCell.swift in Sources */ = {isa = PBXBuildFile; fileRef = 81F2B75A1DE6DB46003E0D4C /* memoCell.swift */; };
		B8AED84948E5D3EB463EA29E /* Pods_Bmemo.framework in Frameworks */ = {isa = PBXBuildFile; fileRef = AC9F4CAD906B8501A498A5C4 /* Pods_Bmemo.framework */; };
/* End PBXBuildFile section */

/* Begin PBXFileReference section */
		0D20E4AADB2F21A389E99A51 /* Pods-Bmemo.debug.xcconfig */ = {isa = PBXFileReference; includeInIndex = 1; lastKnownFileType = text.xcconfig; name = "Pods-Bmemo.debug.xcconfig"; path = "Pods/Target Support Files/Pods-Bmemo/Pods-Bmemo.debug.xcconfig"; sourceTree = "<group>"; };
		26656880E43DD4EDAF52701D /* Pods-Bmemo.release.xcconfig */ = {isa = PBXFileReference; includeInIndex = 1; lastKnownFileType = text.xcconfig; name = "Pods-Bmemo.release.xcconfig"; path = "Pods/Target Support Files/Pods-Bmemo/Pods-Bmemo.release.xcconfig"; sourceTree = "<group>"; };
		81021C431DF66E590065C859 /* BmmMembers.swift */ = {isa = PBXFileReference; fileEncoding = 4; lastKnownFileType = sourcecode.swift; path = BmmMembers.swift; sourceTree = "<group>"; };
		811DC79E1E090088006B64A4 /* BmmCalendarViewController.swift */ = {isa = PBXFileReference; fileEncoding = 4; lastKnownFileType = sourcecode.swift; path = BmmCalendarViewController.swift; sourceTree = "<group>"; };
		811DC7A01E092A4D006B64A4 /* BmmPickerCell.swift */ = {isa = PBXFileReference; fileEncoding = 4; lastKnownFileType = sourcecode.swift; path = BmmPickerCell.swift; sourceTree = "<group>"; };
		811DC7A21E092A9F006B64A4 /* BmmPickerViewModel.swift */ = {isa = PBXFileReference; fileEncoding = 4; lastKnownFileType = sourcecode.swift; path = BmmPickerViewModel.swift; sourceTree = "<group>"; };
		813F22FE1DF80AB700AF24A8 /* Tmpmembers.plist */ = {isa = PBXFileReference; fileEncoding = 4; lastKnownFileType = text.plist.xml; path = Tmpmembers.plist; sourceTree = "<group>"; };
		813F23001DF81B1600AF24A8 /* ParsingViewModel.swift */ = {isa = PBXFileReference; fileEncoding = 4; lastKnownFileType = sourcecode.swift; path = ParsingViewModel.swift; sourceTree = "<group>"; };
		813F79151DF6FB6E00F37A03 /* BmmBaseViewModel.swift */ = {isa = PBXFileReference; fileEncoding = 4; lastKnownFileType = sourcecode.swift; path = BmmBaseViewModel.swift; sourceTree = "<group>"; };
		813F79171DF6FE2F00F37A03 /* BmmNinameViewModel.swift */ = {isa = PBXFileReference; fileEncoding = 4; lastKnownFileType = sourcecode.swift; path = BmmNinameViewModel.swift; sourceTree = "<group>"; };
		813F79191DF7068800F37A03 /* BmmCalendarViewModel.swift */ = {isa = PBXFileReference; fileEncoding = 4; lastKnownFileType = sourcecode.swift; path = BmmCalendarViewModel.swift; sourceTree = "<group>"; };
		813F791B1DF7071700F37A03 /* BmmAlertViewModel.swift */ = {isa = PBXFileReference; fileEncoding = 4; lastKnownFileType = sourcecode.swift; path = BmmAlertViewModel.swift; sourceTree = "<group>"; };
		813F791D1DF707A200F37A03 /* BmmAlarmViewModel.swift */ = {isa = PBXFileReference; fileEncoding = 4; lastKnownFileType = sourcecode.swift; path = BmmAlarmViewModel.swift; sourceTree = "<group>"; };
		813F791F1DF7083F00F37A03 /* BmmRemarkViewModel.swift */ = {isa = PBXFileReference; fileEncoding = 4; lastKnownFileType = sourcecode.swift; path = BmmRemarkViewModel.swift; sourceTree = "<group>"; };
		81536D001DF1C1100026BC65 /* BmmNinameCell.swift */ = {isa = PBXFileReference; fileEncoding = 4; lastKnownFileType = sourcecode.swift; path = BmmNinameCell.swift; sourceTree = "<group>"; };
		81536D021DF1C1460026BC65 /* BmmCalendarCell.swift */ = {isa = PBXFileReference; fileEncoding = 4; lastKnownFileType = sourcecode.swift; path = BmmCalendarCell.swift; sourceTree = "<group>"; };
		81536D041DF1C17D0026BC65 /* BmmAlarmCell.swift */ = {isa = PBXFileReference; fileEncoding = 4; lastKnownFileType = sourcecode.swift; path = BmmAlarmCell.swift; sourceTree = "<group>"; };
		81536D061DF1C1E90026BC65 /* BmmRemarkCell.swift */ = {isa = PBXFileReference; fileEncoding = 4; lastKnownFileType = sourcecode.swift; path = BmmRemarkCell.swift; sourceTree = "<group>"; };
		8160ED201DE591BE0030CC82 /* Bmemo.app */ = {isa = PBXFileReference; explicitFileType = wrapper.application; includeInIndex = 0; path = Bmemo.app; sourceTree = BUILT_PRODUCTS_DIR; };
		8160ED231DE591BE0030CC82 /* AppDelegate.swift */ = {isa = PBXFileReference; lastKnownFileType = sourcecode.swift; path = AppDelegate.swift; sourceTree = "<group>"; };
		8160ED281DE591BE0030CC82 /* Base */ = {isa = PBXFileReference; lastKnownFileType = file.storyboard; name = Base; path = Base.lproj/Main.storyboard; sourceTree = "<group>"; };
		8160ED2A1DE591BE0030CC82 /* Assets.xcassets */ = {isa = PBXFileReference; lastKnownFileType = folder.assetcatalog; path = Assets.xcassets; sourceTree = "<group>"; };
		8160ED2D1DE591BE0030CC82 /* Base */ = {isa = PBXFileReference; lastKnownFileType = file.storyboard; name = Base; path = Base.lproj/LaunchScreen.storyboard; sourceTree = "<group>"; };
		8160ED2F1DE591BE0030CC82 /* Info.plist */ = {isa = PBXFileReference; lastKnownFileType = text.plist.xml; path = Info.plist; sourceTree = "<group>"; };
		8160ED351DE59C2C0030CC82 /* BmmMainTableViewController.swift */ = {isa = PBXFileReference; fileEncoding = 4; lastKnownFileType = sourcecode.swift; path = BmmMainTableViewController.swift; sourceTree = "<group>"; };
		817AFAEE1DF5568500BA98DF /* BmmBaseCell.swift */ = {isa = PBXFileReference; fileEncoding = 4; lastKnownFileType = sourcecode.swift; path = BmmBaseCell.swift; sourceTree = "<group>"; };
		817AFAF61DF5738300BA98DF /* BmmAlertCell.swift */ = {isa = PBXFileReference; fileEncoding = 4; lastKnownFileType = sourcecode.swift; path = BmmAlertCell.swift; sourceTree = "<group>"; };
		817AFAF81DF579FB00BA98DF /* CGFloat_cellStatus.swift */ = {isa = PBXFileReference; fileEncoding = 4; lastKnownFileType = sourcecode.swift; path = CGFloat_cellStatus.swift; sourceTree = "<group>"; };
		818D3D761E0A536200F013C9 /* presentationAnimator.swift */ = {isa = PBXFileReference; fileEncoding = 4; lastKnownFileType = sourcecode.swift; name = presentationAnimator.swift; path = presentation/presentationAnimator.swift; sourceTree = "<group>"; };
		818D3D791E0A577E00F013C9 /* presentationController.swift */ = {isa = PBXFileReference; fileEncoding = 4; lastKnownFileType = sourcecode.swift; name = presentationController.swift; path = presentation/presentationController.swift; sourceTree = "<group>"; };
		81CD824D1DE7F53D0017A3C6 /* UIView_Bmm.swift */ = {isa = PBXFileReference; fileEncoding = 4; lastKnownFileType = sourcecode.swift; path = UIView_Bmm.swift; sourceTree = "<group>"; };
		81CD824F1DE7FC570017A3C6 /* UIimage_Bmm.swift */ = {isa = PBXFileReference; fileEncoding = 4; lastKnownFileType = sourcecode.swift; path = UIimage_Bmm.swift; sourceTree = "<group>"; };
		81CD82511DE806BA0017A3C6 /* UIColor_Bmm.swift */ = {isa = PBXFileReference; fileEncoding = 4; lastKnownFileType = sourcecode.swift; path = UIColor_Bmm.swift; sourceTree = "<group>"; };
		81EBA0971DED7198003FBF21 /* BmmHeaderView.swift */ = {isa = PBXFileReference; fileEncoding = 4; lastKnownFileType = sourcecode.swift; path = BmmHeaderView.swift; sourceTree = "<group>"; };
		81EBA0991DED8432003FBF21 /* BmmDetailTableViewController.swift */ = {isa = PBXFileReference; fileEncoding = 4; lastKnownFileType = sourcecode.swift; path = BmmDetailTableViewController.swift; sourceTree = "<group>"; };
		81F2B7561DE68E05003E0D4C /* BmmTableViewCell.swift */ = {isa = PBXFileReference; fileEncoding = 4; lastKnownFileType = sourcecode.swift; path = BmmTableViewCell.swift; sourceTree = "<group>"; };
		81F2B7581DE68FCD003E0D4C /* BmmRotatedView.swift */ = {isa = PBXFileReference; fileEncoding = 4; lastKnownFileType = sourcecode.swift; path = BmmRotatedView.swift; sourceTree = "<group>"; };
		81F2B75A1DE6DB46003E0D4C /* memoCell.swift */ = {isa = PBXFileReference; fileEncoding = 4; lastKnownFileType = sourcecode.swift; path = memoCell.swift; sourceTree = "<group>"; };
		AC9F4CAD906B8501A498A5C4 /* Pods_Bmemo.framework */ = {isa = PBXFileReference; explicitFileType = wrapper.framework; includeInIndex = 0; path = Pods_Bmemo.framework; sourceTree = BUILT_PRODUCTS_DIR; };
/* End PBXFileReference section */

/* Begin PBXFrameworksBuildPhase section */
		8160ED1D1DE591BE0030CC82 /* Frameworks */ = {
			isa = PBXFrameworksBuildPhase;
			buildActionMask = 2147483647;
			files = (
				B8AED84948E5D3EB463EA29E /* Pods_Bmemo.framework in Frameworks */,
			);
			runOnlyForDeploymentPostprocessing = 0;
		};
/* End PBXFrameworksBuildPhase section */

/* Begin PBXGroup section */
		6A93480A098EA19414DD8E81 /* Frameworks */ = {
			isa = PBXGroup;
			children = (
				AC9F4CAD906B8501A498A5C4 /* Pods_Bmemo.framework */,
			);
			name = Frameworks;
			sourceTree = "<group>";
		};
		7E6777D3332860FB8BD9409F /* Pods */ = {
			isa = PBXGroup;
			children = (
				0D20E4AADB2F21A389E99A51 /* Pods-Bmemo.debug.xcconfig */,
				26656880E43DD4EDAF52701D /* Pods-Bmemo.release.xcconfig */,
			);
			name = Pods;
			sourceTree = "<group>";
		};
		81021C421DF66E180065C859 /* models */ = {
			isa = PBXGroup;
			children = (
				81021C431DF66E590065C859 /* BmmMembers.swift */,
				813F79151DF6FB6E00F37A03 /* BmmBaseViewModel.swift */,
				813F79171DF6FE2F00F37A03 /* BmmNinameViewModel.swift */,
				813F79191DF7068800F37A03 /* BmmCalendarViewModel.swift */,
				813F791B1DF7071700F37A03 /* BmmAlertViewModel.swift */,
				813F791D1DF707A200F37A03 /* BmmAlarmViewModel.swift */,
				813F791F1DF7083F00F37A03 /* BmmRemarkViewModel.swift */,
				811DC7A21E092A9F006B64A4 /* BmmPickerViewModel.swift */,
			);
			name = models;
			sourceTree = "<group>";
		};
		810711DB1DEDBB1B003D8FD1 /* Main */ = {
			isa = PBXGroup;
			children = (
				8160ED351DE59C2C0030CC82 /* BmmMainTableViewController.swift */,
			);
			name = Main;
			sourceTree = "<group>";
		};
		810711DC1DEDBB31003D8FD1 /* Detail */ = {
			isa = PBXGroup;
			children = (
				81EBA0991DED8432003FBF21 /* BmmDetailTableViewController.swift */,
			);
			name = Detail;
			sourceTree = "<group>";
		};
		811DC79D1E09006F006B64A4 /* Calendar */ = {
			isa = PBXGroup;
			children = (
				811DC79E1E090088006B64A4 /* BmmCalendarViewController.swift */,
			);
			name = Calendar;
			sourceTree = "<group>";
		};
		8160ED171DE591BE0030CC82 = {
			isa = PBXGroup;
			children = (
				8160ED221DE591BE0030CC82 /* Bmemo */,
				8160ED211DE591BE0030CC82 /* Products */,
				7E6777D3332860FB8BD9409F /* Pods */,
				6A93480A098EA19414DD8E81 /* Frameworks */,
			);
			sourceTree = "<group>";
		};
		8160ED211DE591BE0030CC82 /* Products */ = {
			isa = PBXGroup;
			children = (
				8160ED201DE591BE0030CC82 /* Bmemo.app */,
			);
			name = Products;
			sourceTree = "<group>";
		};
		8160ED221DE591BE0030CC82 /* Bmemo */ = {
			isa = PBXGroup;
			children = (
				817AFAF41DF5707600BA98DF /* bll */,
				817AFAF11DF56FFF00BA98DF /* ui */,
				817AFAF51DF5710700BA98DF /* Ctrl */,
				8160ED231DE591BE0030CC82 /* AppDelegate.swift */,
				8160ED271DE591BE0030CC82 /* Main.storyboard */,
				8160ED2A1DE591BE0030CC82 /* Assets.xcassets */,
				8160ED2C1DE591BE0030CC82 /* LaunchScreen.storyboard */,
				8160ED2F1DE591BE0030CC82 /* Info.plist */,
				813F22FE1DF80AB700AF24A8 /* Tmpmembers.plist */,
			);
			path = Bmemo;
			sourceTree = "<group>";
		};
		817AFAF11DF56FFF00BA98DF /* ui */ = {
			isa = PBXGroup;
			children = (
				817AFAF31DF5703A00BA98DF /* Detail */,
				817AFAF21DF5702C00BA98DF /* Main */,
				81F2B7551DE68DF0003E0D4C /* Cell */,
			);
			name = ui;
			sourceTree = "<group>";
		};
		817AFAF21DF5702C00BA98DF /* Main */ = {
			isa = PBXGroup;
			children = (
				81F2B75A1DE6DB46003E0D4C /* memoCell.swift */,
			);
			name = Main;
			sourceTree = "<group>";
		};
		817AFAF31DF5703A00BA98DF /* Detail */ = {
			isa = PBXGroup;
			children = (
				818D3D741E0A52AC00F013C9 /* view */,
				818D3D731E0A529A00F013C9 /* cell */,
			);
			name = Detail;
			sourceTree = "<group>";
		};
		817AFAF41DF5707600BA98DF /* bll */ = {
			isa = PBXGroup;
			children = (
				818D3D751E0A52E600F013C9 /* presentation */,
				81021C421DF66E180065C859 /* models */,
				817AFAF81DF579FB00BA98DF /* CGFloat_cellStatus.swift */,
				813F23001DF81B1600AF24A8 /* ParsingViewModel.swift */,
			);
			name = bll;
			sourceTree = "<group>";
		};
		817AFAF51DF5710700BA98DF /* Ctrl */ = {
			isa = PBXGroup;
			children = (
				811DC79D1E09006F006B64A4 /* Calendar */,
				810711DC1DEDBB31003D8FD1 /* Detail */,
				810711DB1DEDBB1B003D8FD1 /* Main */,
			);
			name = Ctrl;
			sourceTree = "<group>";
		};
		818D3D731E0A529A00F013C9 /* cell */ = {
			isa = PBXGroup;
			children = (
				817AFAEE1DF5568500BA98DF /* BmmBaseCell.swift */,
				81536D001DF1C1100026BC65 /* BmmNinameCell.swift */,
				81536D021DF1C1460026BC65 /* BmmCalendarCell.swift */,
				81536D041DF1C17D0026BC65 /* BmmAlarmCell.swift */,
				81536D061DF1C1E90026BC65 /* BmmRemarkCell.swift */,
				817AFAF61DF5738300BA98DF /* BmmAlertCell.swift */,
				811DC7A01E092A4D006B64A4 /* BmmPickerCell.swift */,
			);
			name = cell;
			sourceTree = "<group>";
		};
		818D3D741E0A52AC00F013C9 /* view */ = {
			isa = PBXGroup;
			children = (
				81EBA0971DED7198003FBF21 /* BmmHeaderView.swift */,
			);
			name = view;
			sourceTree = "<group>";
		};
		818D3D751E0A52E600F013C9 /* presentation */ = {
			isa = PBXGroup;
			children = (
				818D3D761E0A536200F013C9 /* presentationAnimator.swift */,
				818D3D791E0A577E00F013C9 /* presentationController.swift */,
			);
			name = presentation;
			sourceTree = "<group>";
		};
		81F2B7551DE68DF0003E0D4C /* Cell */ = {
			isa = PBXGroup;
			children = (
				81F2B7561DE68E05003E0D4C /* BmmTableViewCell.swift */,
				81F2B7581DE68FCD003E0D4C /* BmmRotatedView.swift */,
				81CD824D1DE7F53D0017A3C6 /* UIView_Bmm.swift */,
				81CD824F1DE7FC570017A3C6 /* UIimage_Bmm.swift */,
				81CD82511DE806BA0017A3C6 /* UIColor_Bmm.swift */,
			);
			path = Cell;
			sourceTree = "<group>";
		};
/* End PBXGroup section */

/* Begin PBXNativeTarget section */
		8160ED1F1DE591BE0030CC82 /* Bmemo */ = {
			isa = PBXNativeTarget;
			buildConfigurationList = 8160ED321DE591BE0030CC82 /* Build configuration list for PBXNativeTarget "Bmemo" */;
			buildPhases = (
				6759B652D811AFC3F45D6DFD /* [CP] Check Pods Manifest.lock */,
				8160ED1C1DE591BE0030CC82 /* Sources */,
				8160ED1D1DE591BE0030CC82 /* Frameworks */,
				8160ED1E1DE591BE0030CC82 /* Resources */,
				5A698D5903B1B6CB8716D0B8 /* [CP] Embed Pods Frameworks */,
				47E23E79291AB7824A765437 /* [CP] Copy Pods Resources */,
			);
			buildRules = (
			);
			dependencies = (
			);
			name = Bmemo;
			productName = Bmemo;
			productReference = 8160ED201DE591BE0030CC82 /* Bmemo.app */;
			productType = "com.apple.product-type.application";
		};
/* End PBXNativeTarget section */

/* Begin PBXProject section */
		8160ED181DE591BE0030CC82 /* Project object */ = {
			isa = PBXProject;
			attributes = {
				CLASSPREFIX = Bmm;
				LastSwiftUpdateCheck = 0800;
				LastUpgradeCheck = 0800;
				ORGANIZATIONNAME = Ama;
				TargetAttributes = {
					8160ED1F1DE591BE0030CC82 = {
						CreatedOnToolsVersion = 8.0;
						DevelopmentTeam = 6ZTMT7BFHK;
						ProvisioningStyle = Automatic;
					};
				};
			};
			buildConfigurationList = 8160ED1B1DE591BE0030CC82 /* Build configuration list for PBXProject "Bmemo" */;
			compatibilityVersion = "Xcode 3.2";
			developmentRegion = English;
			hasScannedForEncodings = 0;
			knownRegions = (
				en,
				Base,
			);
			mainGroup = 8160ED171DE591BE0030CC82;
			productRefGroup = 8160ED211DE591BE0030CC82 /* Products */;
			projectDirPath = "";
			projectRoot = "";
			targets = (
				8160ED1F1DE591BE0030CC82 /* Bmemo */,
			);
		};
/* End PBXProject section */

/* Begin PBXResourcesBuildPhase section */
		8160ED1E1DE591BE0030CC82 /* Resources */ = {
			isa = PBXResourcesBuildPhase;
			buildActionMask = 2147483647;
			files = (
				8160ED2E1DE591BE0030CC82 /* LaunchScreen.storyboard in Resources */,
				8160ED2B1DE591BE0030CC82 /* Assets.xcassets in Resources */,
				8160ED291DE591BE0030CC82 /* Main.storyboard in Resources */,
				813F22FF1DF80AB700AF24A8 /* Tmpmembers.plist in Resources */,
			);
			runOnlyForDeploymentPostprocessing = 0;
		};
/* End PBXResourcesBuildPhase section */

/* Begin PBXShellScriptBuildPhase section */
		47E23E79291AB7824A765437 /* [CP] Copy Pods Resources */ = {
			isa = PBXShellScriptBuildPhase;
			buildActionMask = 2147483647;
			files = (
			);
			inputPaths = (
			);
			name = "[CP] Copy Pods Resources";
			outputPaths = (
			);
			runOnlyForDeploymentPostprocessing = 0;
			shellPath = /bin/sh;
			shellScript = "\"${SRCROOT}/Pods/Target Support Files/Pods-Bmemo/Pods-Bmemo-resources.sh\"\n";
			showEnvVarsInLog = 0;
		};
		5A698D5903B1B6CB8716D0B8 /* [CP] Embed Pods Frameworks */ = {
			isa = PBXShellScriptBuildPhase;
			buildActionMask = 2147483647;
			files = (
			);
			inputPaths = (
			);
			name = "[CP] Embed Pods Frameworks";
			outputPaths = (
			);
			runOnlyForDeploymentPostprocessing = 0;
			shellPath = /bin/sh;
			shellScript = "\"${SRCROOT}/Pods/Target Support Files/Pods-Bmemo/Pods-Bmemo-frameworks.sh\"\n";
			showEnvVarsInLog = 0;
		};
		6759B652D811AFC3F45D6DFD /* [CP] Check Pods Manifest.lock */ = {
			isa = PBXShellScriptBuildPhase;
			buildActionMask = 2147483647;
			files = (
			);
			inputPaths = (
			);
			name = "[CP] Check Pods Manifest.lock";
			outputPaths = (
			);
			runOnlyForDeploymentPostprocessing = 0;
			shellPath = /bin/sh;
			shellScript = "diff \"${PODS_ROOT}/../Podfile.lock\" \"${PODS_ROOT}/Manifest.lock\" > /dev/null\nif [ $? != 0 ] ; then\n    # print error to STDERR\n    echo \"error: The sandbox is not in sync with the Podfile.lock. Run 'pod install' or update your CocoaPods installation.\" >&2\n    exit 1\nfi\n";
			showEnvVarsInLog = 0;
		};
/* End PBXShellScriptBuildPhase section */

/* Begin PBXSourcesBuildPhase section */
		8160ED1C1DE591BE0030CC82 /* Sources */ = {
			isa = PBXSourcesBuildPhase;
			buildActionMask = 2147483647;
			files = (
				8160ED361DE59C2C0030CC82 /* BmmMainTableViewController.swift in Sources */,
				817AFAF71DF5738300BA98DF /* BmmAlertCell.swift in Sources */,
				813F23011DF81B1600AF24A8 /* ParsingViewModel.swift in Sources */,
				81536D051DF1C17D0026BC65 /* BmmAlarmCell.swift in Sources */,
				81CD824E1DE7F53D0017A3C6 /* UIView_Bmm.swift in Sources */,
				817AFAF91DF579FB00BA98DF /* CGFloat_cellStatus.swift in Sources */,
				813F79201DF7083F00F37A03 /* BmmRemarkViewModel.swift in Sources */,
				81536D031DF1C1460026BC65 /* BmmCalendarCell.swift in Sources */,
				81F2B75B1DE6DB46003E0D4C /* memoCell.swift in Sources */,
				817AFAEF1DF5568500BA98DF /* BmmBaseCell.swift in Sources */,
				81536D011DF1C1100026BC65 /* BmmNinameCell.swift in Sources */,
				811DC7A31E092A9F006B64A4 /* BmmPickerViewModel.swift in Sources */,
				81EBA09A1DED8432003FBF21 /* BmmDetailTableViewController.swift in Sources */,
				811DC7A11E092A4D006B64A4 /* BmmPickerCell.swift in Sources */,
				813F79161DF6FB6E00F37A03 /* BmmBaseViewModel.swift in Sources */,
				813F791A1DF7068800F37A03 /* BmmCalendarViewModel.swift in Sources */,
				81CD82501DE7FC570017A3C6 /* UIimage_Bmm.swift in Sources */,
				81EBA0981DED7198003FBF21 /* BmmHeaderView.swift in Sources */,
				81CD82521DE806BA0017A3C6 /* UIColor_Bmm.swift in Sources */,
				818D3D771E0A536200F013C9 /* presentationAnimator.swift in Sources */,
				811DC79F1E090088006B64A4 /* BmmCalendarViewController.swift in Sources */,
				81F2B7591DE68FCD003E0D4C /* BmmRotatedView.swift in Sources */,
				813F791C1DF7071700F37A03 /* BmmAlertViewModel.swift in Sources */,
				81F2B7571DE68E05003E0D4C /* BmmTableViewCell.swift in Sources */,
				81536D071DF1C1E90026BC65 /* BmmRemarkCell.swift in Sources */,
				81021C441DF66E590065C859 /* BmmMembers.swift in Sources */,
				813F791E1DF707A200F37A03 /* BmmAlarmViewModel.swift in Sources */,
				818D3D7A1E0A577E00F013C9 /* presentationController.swift in Sources */,
				8160ED241DE591BE0030CC82 /* AppDelegate.swift in Sources */,
				813F79181DF6FE2F00F37A03 /* BmmNinameViewModel.swift in Sources */,
			);
			runOnlyForDeploymentPostprocessing = 0;
		};
/* End PBXSourcesBuildPhase section */

/* Begin PBXVariantGroup section */
		8160ED271DE591BE0030CC82 /* Main.storyboard */ = {
			isa = PBXVariantGroup;
			children = (
				8160ED281DE591BE0030CC82 /* Base */,
			);
			name = Main.storyboard;
			sourceTree = "<group>";
		};
		8160ED2C1DE591BE0030CC82 /* LaunchScreen.storyboard */ = {
			isa = PBXVariantGroup;
			children = (
				8160ED2D1DE591BE0030CC82 /* Base */,
			);
			name = LaunchScreen.storyboard;
			sourceTree = "<group>";
		};
/* End PBXVariantGroup section */

/* Begin XCBuildConfiguration section */
		8160ED301DE591BE0030CC82 /* Debug */ = {
			isa = XCBuildConfiguration;
			buildSettings = {
				ALWAYS_SEARCH_USER_PATHS = NO;
				CLANG_ANALYZER_NONNULL = YES;
				CLANG_CXX_LANGUAGE_STANDARD = "gnu++0x";
				CLANG_CXX_LIBRARY = "libc++";
				CLANG_ENABLE_MODULES = YES;
				CLANG_ENABLE_OBJC_ARC = YES;
				CLANG_WARN_BOOL_CONVERSION = YES;
				CLANG_WARN_CONSTANT_CONVERSION = YES;
				CLANG_WARN_DIRECT_OBJC_ISA_USAGE = YES_ERROR;
				CLANG_WARN_DOCUMENTATION_COMMENTS = YES;
				CLANG_WARN_EMPTY_BODY = YES;
				CLANG_WARN_ENUM_CONVERSION = YES;
				CLANG_WARN_INFINITE_RECURSION = YES;
				CLANG_WARN_INT_CONVERSION = YES;
				CLANG_WARN_OBJC_ROOT_CLASS = YES_ERROR;
				CLANG_WARN_SUSPICIOUS_MOVES = YES;
				CLANG_WARN_UNREACHABLE_CODE = YES;
				CLANG_WARN__DUPLICATE_METHOD_MATCH = YES;
				"CODE_SIGN_IDENTITY[sdk=iphoneos*]" = "iPhone Developer";
				COPY_PHASE_STRIP = NO;
				DEBUG_INFORMATION_FORMAT = dwarf;
				ENABLE_STRICT_OBJC_MSGSEND = YES;
				ENABLE_TESTABILITY = YES;
				GCC_C_LANGUAGE_STANDARD = gnu99;
				GCC_DYNAMIC_NO_PIC = NO;
				GCC_NO_COMMON_BLOCKS = YES;
				GCC_OPTIMIZATION_LEVEL = 0;
				GCC_PREPROCESSOR_DEFINITIONS = (
					"DEBUG=1",
					"$(inherited)",
				);
				GCC_WARN_64_TO_32_BIT_CONVERSION = YES;
				GCC_WARN_ABOUT_RETURN_TYPE = YES_ERROR;
				GCC_WARN_UNDECLARED_SELECTOR = YES;
				GCC_WARN_UNINITIALIZED_AUTOS = YES_AGGRESSIVE;
				GCC_WARN_UNUSED_FUNCTION = YES;
				GCC_WARN_UNUSED_VARIABLE = YES;
				IPHONEOS_DEPLOYMENT_TARGET = 10.0;
				MTL_ENABLE_DEBUG_INFO = YES;
				ONLY_ACTIVE_ARCH = YES;
				SDKROOT = iphoneos;
				SWIFT_ACTIVE_COMPILATION_CONDITIONS = DEBUG;
				SWIFT_OPTIMIZATION_LEVEL = "-Onone";
			};
			name = Debug;
		};
		8160ED311DE591BE0030CC82 /* Release */ = {
			isa = XCBuildConfiguration;
			buildSettings = {
				ALWAYS_SEARCH_USER_PATHS = NO;
				CLANG_ANALYZER_NONNULL = YES;
				CLANG_CXX_LANGUAGE_STANDARD = "gnu++0x";
				CLANG_CXX_LIBRARY = "libc++";
				CLANG_ENABLE_MODULES = YES;
				CLANG_ENABLE_OBJC_ARC = YES;
				CLANG_WARN_BOOL_CONVERSION = YES;
				CLANG_WARN_CONSTANT_CONVERSION = YES;
				CLANG_WARN_DIRECT_OBJC_ISA_USAGE = YES_ERROR;
				CLANG_WARN_DOCUMENTATION_COMMENTS = YES;
				CLANG_WARN_EMPTY_BODY = YES;
				CLANG_WARN_ENUM_CONVERSION = YES;
				CLANG_WARN_INFINITE_RECURSION = YES;
				CLANG_WARN_INT_CONVERSION = YES;
				CLANG_WARN_OBJC_ROOT_CLASS = YES_ERROR;
				CLANG_WARN_SUSPICIOUS_MOVES = YES;
				CLANG_WARN_UNREACHABLE_CODE = YES;
				CLANG_WARN__DUPLICATE_METHOD_MATCH = YES;
				"CODE_SIGN_IDENTITY[sdk=iphoneos*]" = "iPhone Developer";
				COPY_PHASE_STRIP = NO;
				DEBUG_INFORMATION_FORMAT = "dwarf-with-dsym";
				ENABLE_NS_ASSERTIONS = NO;
				ENABLE_STRICT_OBJC_MSGSEND = YES;
				GCC_C_LANGUAGE_STANDARD = gnu99;
				GCC_NO_COMMON_BLOCKS = YES;
				GCC_WARN_64_TO_32_BIT_CONVERSION = YES;
				GCC_WARN_ABOUT_RETURN_TYPE = YES_ERROR;
				GCC_WARN_UNDECLARED_SELECTOR = YES;
				GCC_WARN_UNINITIALIZED_AUTOS = YES_AGGRESSIVE;
				GCC_WARN_UNUSED_FUNCTION = YES;
				GCC_WARN_UNUSED_VARIABLE = YES;
				IPHONEOS_DEPLOYMENT_TARGET = 10.0;
				MTL_ENABLE_DEBUG_INFO = NO;
				SDKROOT = iphoneos;
				SWIFT_OPTIMIZATION_LEVEL = "-Owholemodule";
				VALIDATE_PRODUCT = YES;
			};
			name = Release;
		};
		8160ED331DE591BE0030CC82 /* Debug */ = {
			isa = XCBuildConfiguration;
			baseConfigurationReference = 0D20E4AADB2F21A389E99A51 /* Pods-Bmemo.debug.xcconfig */;
			buildSettings = {
				ASSETCATALOG_COMPILER_APPICON_NAME = AppIcon;
				DEVELOPMENT_TEAM = 6ZTMT7BFHK;
				INFOPLIST_FILE = Bmemo/Info.plist;
				IPHONEOS_DEPLOYMENT_TARGET = 9.0;
				LD_RUNPATH_SEARCH_PATHS = "$(inherited) @executable_path/Frameworks";
				PRODUCT_BUNDLE_IDENTIFIER = Ama.Qiu.Bmemo;
				PRODUCT_NAME = "$(TARGET_NAME)";
				SWIFT_VERSION = 3.0;
			};
			name = Debug;
		};
		8160ED341DE591BE0030CC82 /* Release */ = {
			isa = XCBuildConfiguration;
			baseConfigurationReference = 26656880E43DD4EDAF52701D /* Pods-Bmemo.release.xcconfig */;
			buildSettings = {
				ASSETCATALOG_COMPILER_APPICON_NAME = AppIcon;
				DEVELOPMENT_TEAM = 6ZTMT7BFHK;
				INFOPLIST_FILE = Bmemo/Info.plist;
				IPHONEOS_DEPLOYMENT_TARGET = 9.0;
				LD_RUNPATH_SEARCH_PATHS = "$(inherited) @executable_path/Frameworks";
				PRODUCT_BUNDLE_IDENTIFIER = Ama.Qiu.Bmemo;
				PRODUCT_NAME = "$(TARGET_NAME)";
				SWIFT_VERSION = 3.0;
			};
			name = Release;
		};
/* End XCBuildConfiguration section */

/* Begin XCConfigurationList section */
		8160ED1B1DE591BE0030CC82 /* Build configuration list for PBXProject "Bmemo" */ = {
			isa = XCConfigurationList;
			buildConfigurations = (
				8160ED301DE591BE0030CC82 /* Debug */,
				8160ED311DE591BE0030CC82 /* Release */,
			);
			defaultConfigurationIsVisible = 0;
			defaultConfigurationName = Release;
		};
		8160ED321DE591BE0030CC82 /* Build configuration list for PBXNativeTarget "Bmemo" */ = {
			isa = XCConfigurationList;
			buildConfigurations = (
				8160ED331DE591BE0030CC82 /* Debug */,
				8160ED341DE591BE0030CC82 /* Release */,
			);
			defaultConfigurationIsVisible = 0;
			defaultConfigurationName = Release;
		};
/* End XCConfigurationList section */
	};
	rootObject = 8160ED181DE591BE0030CC82 /* Project object */;
}
