PODS:
  - AMACalendar (0.0.1)
  - ObjectMapper (2.2.1)
  - RxCocoa (3.0.1):
    - RxSwift (~> 3.0)
  - RxDataSources (1.0.0):
    - RxCocoa (~> 3.0)
    - RxSwift (~> 3.0)
  - RxSwift (3.0.1)

DEPENDENCIES:
  - AMACalendar (~> 0.0.1)
  - ObjectMapper (~> 2.2.1)
  - RxCocoa (~> 3.0)
  - RxDataSources (~> 1.0.0)
  - RxSwift (~> 3.0)

SPEC CHECKSUMS:
  AMACalendar: 6928c291d542f81df9ab64b657333add62927e1c
  ObjectMapper: 41e43e1a89f8060ef5ea5d04ba852e269a621d68
  RxCocoa: 15a52fc590dcc700cb4a690a633b5c5184ce3a78
  RxDataSources: 824693e84d00781d0a5e5cedc1ff95ce9250aacd
  RxSwift: af5680055c4ad04480189c52d28385b1029493a6

PODFILE CHECKSUM: 3bf069b7c1a36e7ca4706d26d3882695dd3595b9

COCOAPODS: 1.2.0.beta.1
